
Microsoft Visual Studio Solution File, Format Version 12.00
# Visual Studio Version 17
VisualStudioVersion = 17.7.34031.279
MinimumVisualStudioVersion = 10.0.40219.1
Project("{8BC9CEB8-8B4A-11D0-8D11-00A0C91BC942}") = "DX21_07", "DX21_07.vcxproj", "{76F997D0-89E8-4EC3-83AE-91B2B12D78D9}"
EndProject
Global
	GlobalSection(SolutionConfigurationPlatforms) = preSolution
		Debug|x64 = Debug|x64
		Debug|x86 = Debug|x86
		Release|x64 = Release|x64
		Release|x86 = Release|x86
	EndGlobalSection
	GlobalSection(ProjectConfigurationPlatforms) = postSolution
		{76F997D0-89E8-4EC3-83AE-91B2B12D78D9}.Debug|x64.ActiveCfg = Debug|x64
		{76F997D0-89E8-4EC3-83AE-91B2B12D78D9}.Debug|x64.Build.0 = Debug|x64
		{76F997D0-89E8-4EC3-83AE-91B2B12D78D9}.Debug|x86.ActiveCfg = Debug|Win32
		{76F997D0-89E8-4EC3-83AE-91B2B12D78D9}.Debug|x86.Build.0 = Debug|Win32
		{76F997D0-89E8-4EC3-83AE-91B2B12D78D9}.Release|x64.ActiveCfg = Release|x64
		{76F997D0-89E8-4EC3-83AE-91B2B12D78D9}.Release|x64.Build.0 = Release|x64
		{76F997D0-89E8-4EC3-83AE-91B2B12D78D9}.Release|x86.ActiveCfg = Release|Win32
		{76F997D0-89E8-4EC3-83AE-91B2B12D78D9}.Release|x86.Build.0 = Release|Win32
	EndGlobalSection
	GlobalSection(SolutionProperties) = preSolution
		HideSolutionNode = FALSE
	EndGlobalSection
	GlobalSection(ExtensibilityGlobals) = postSolution
		SolutionGuid = {54A286BD-A6DC-467C-8600-846998D30DE4}
	EndGlobalSection
EndGlobal
